
Microsoft Visual Studio Solution File, Format Version 12.00
# Visual Studio Version 16
VisualStudioVersion = 16.0.30204.135
MinimumVisualStudioVersion = 10.0.40219.1
Project("{FAE04EC0-301F-11D3-BF4B-00C04F79EFBC}") = "WindowsFormsApp4", "WindowsFormsApp4\WindowsFormsApp4.csproj", "{7F2C1E61-D07C-4011-AEA0-761199FBC549}"
EndProject
Global
	GlobalSection(SolutionConfigurationPlatforms) = preSolution
		Debug|Any CPU = Debug|Any CPU
		Release|Any CPU = Release|Any CPU
	EndGlobalSection
	GlobalSection(ProjectConfigurationPlatforms) = postSolution
		{7F2C1E61-D07C-4011-AEA0-761199FBC549}.Debug|Any CPU.ActiveCfg = Debug|Any CPU
		{7F2C1E61-D07C-4011-AEA0-761199FBC549}.Debug|Any CPU.Build.0 = Debug|Any CPU
		{7F2C1E61-D07C-4011-AEA0-761199FBC549}.Release|Any CPU.ActiveCfg = Release|Any CPU
		{7F2C1E61-D07C-4011-AEA0-761199FBC549}.Release|Any CPU.Build.0 = Release|Any CPU
	EndGlobalSection
	GlobalSection(SolutionProperties) = preSolution
		HideSolutionNode = FALSE
	EndGlobalSection
	GlobalSection(ExtensibilityGlobals) = postSolution
		SolutionGuid = {7D518D12-96EF-4947-97DC-DE7CB6E122F7}
	EndGlobalSection
EndGlobal
